{
  "lockfile_version": "1",
  "packages": {
    "caddy@latest": {
      "last_modified": "2024-01-14T03:55:27Z",
      "resolved": "github:NixOS/nixpkgs/dd5621df6dcb90122b50da5ec31c411a0de3e538#caddy",
      "source": "devbox-search",
      "version": "2.7.6",
      "systems": {
        "aarch64-darwin": {
          "store_path": "/nix/store/ga0yp1ki5fmk0p6b4kn2z9qq7ddpbyyw-caddy-2.7.6"
        },
        "aarch64-linux": {
          "store_path": "/nix/store/jn3wbc0cgblkgd6phygq1wgk6j65w2aa-caddy-2.7.6"
        },
        "x86_64-darwin": {
          "store_path": "/nix/store/np97d9737d386qkj4brj10b0s2468n8a-caddy-2.7.6"
        },
        "x86_64-linux": {
          "store_path": "/nix/store/7aiga3m93g0j4anmvv6svk2kfvxyl6cd-caddy-2.7.6"
        }
      }
    },
    "dart-sass@latest": {
      "last_modified": "2023-12-25T10:13:25Z",
      "resolved": "github:NixOS/nixpkgs/e1fa12d4f6c6fe19ccb59cac54b5b3f25e160870#dart-sass",
      "source": "devbox-search",
      "version": "1.69.0",
      "systems": {
        "aarch64-darwin": {
          "store_path": "/nix/store/dk2j3a164ab5kvj3pr47q2dwc91j8gz8-dart-sass-1.69.0"
        },
        "aarch64-linux": {
          "store_path": "/nix/store/9amwllkd064clyzg2dqbmx013bfgw0yv-dart-sass-1.69.0"
        },
        "x86_64-darwin": {
          "store_path": "/nix/store/w6chx6rps5nxvvp8k6nz4dal4hxsxxi0-dart-sass-1.69.0"
        },
        "x86_64-linux": {
          "store_path": "/nix/store/zygcmrybycsncs5scli6a8wcnpb4p5li-dart-sass-1.69.0"
        }
      }
    },
    "elmPackages.elm-format@latest": {
      "last_modified": "2023-12-13T22:54:10Z",
      "resolved": "github:NixOS/nixpkgs/fd04bea4cbf76f86f244b9e2549fca066db8ddff#elmPackages.elm-format",
      "source": "devbox-search",
      "version": "0.8.7",
      "systems": {
        "aarch64-darwin": {
          "store_path": "/nix/store/l658cp74rv3f58j61r1k8m5dsdyhywmx-elm-format-0.8.7"
        },
        "aarch64-linux": {
          "store_path": "/nix/store/29ba1lrmizqdiria3vdr9iyk1w20lapi-elm-format-0.8.7"
        },
        "x86_64-darwin": {
          "store_path": "/nix/store/z1vgdc4i3z5myvmqn19v3q5zcw3wqx7c-elm-format-0.8.7"
        },
        "x86_64-linux": {
          "store_path": "/nix/store/rkfrhhg5jxbdglgshq3sq1avzpsmxkl0-elm-format-0.8.7"
        }
      }
    },
    "elmPackages.elm-optimize-level-2@latest": {
      "last_modified": "2024-01-14T03:55:27Z",
      "resolved": "github:NixOS/nixpkgs/dd5621df6dcb90122b50da5ec31c411a0de3e538#elmPackages.elm-optimize-level-2",
      "source": "devbox-search",
      "version": "2-0.3.5",
      "systems": {
        "aarch64-darwin": {
          "store_path": "/nix/store/7kpw58fhgyj6lq7a31f90991bkr2sx65-elm-optimize-level-2-0.3.5"
        },
        "aarch64-linux": {
          "store_path": "/nix/store/gbncjz2h10rr66mwy7qnzhir4bjn6w1k-elm-optimize-level-2-0.3.5"
        },
        "x86_64-darwin": {
          "store_path": "/nix/store/p0l2n4jmzvv5kr5zb085jnj3xzn4bxmn-elm-optimize-level-2-0.3.5"
        },
        "x86_64-linux": {
          "store_path": "/nix/store/3yqciici465hycn4fr36qjzc0m6zzbax-elm-optimize-level-2-0.3.5"
        }
      }
    },
    "elmPackages.elm-review@latest": {
      "last_modified": "2023-12-13T22:54:10Z",
      "resolved": "github:NixOS/nixpkgs/fd04bea4cbf76f86f244b9e2549fca066db8ddff#elmPackages.elm-review",
      "source": "devbox-search",
      "version": "2.10.3",
      "systems": {
        "aarch64-darwin": {
          "store_path": "/nix/store/sqc6an2nxr8rhan6kmyf6hd2cda64bv3-elm-review-2.10.3"
        },
        "aarch64-linux": {
          "store_path": "/nix/store/8rh83vmkpfz8wca06a46pdiaq7946nwm-elm-review-2.10.3"
        },
        "x86_64-darwin": {
          "store_path": "/nix/store/dc9kkw26kp64kzbhlsnhv2x8a96v82l9-elm-review-2.10.3"
        },
        "x86_64-linux": {
          "store_path": "/nix/store/85wcln14qrl831dyxwlxxgw0zj7xxpsf-elm-review-2.10.3"
        }
      }
    },
    "elmPackages.elm@latest": {
      "last_modified": "2024-01-02T02:19:20Z",
      "resolved": "github:NixOS/nixpkgs/63143ac2c9186be6d9da6035fa22620018c85932#elmPackages.elm",
      "source": "devbox-search",
      "version": "0.19.1",
      "systems": {
        "aarch64-darwin": {
          "store_path": "/nix/store/nz24isq3p95n9gnmv6mbipw38ld2if59-elm-0.19.1"
        },
        "aarch64-linux": {
          "store_path": "/nix/store/9q0wh6lpbvf60ad2jg8jgbd6ajixnhpr-elm-0.19.1"
        },
        "x86_64-darwin": {
          "store_path": "/nix/store/qcd04i5dg7379517b502rnsz9bc6pyzb-elm-0.19.1"
        },
        "x86_64-linux": {
          "store_path": "/nix/store/v45x7wlnw2xx0qvma7swjslq6y5wfpjc-elm-0.19.1"
        }
      }
    },
    "terser@latest": {
      "last_modified": "2024-01-14T03:55:27Z",
      "resolved": "github:NixOS/nixpkgs/dd5621df6dcb90122b50da5ec31c411a0de3e538#terser",
      "source": "devbox-search",
      "version": "5.19.3",
      "systems": {
        "aarch64-darwin": {
          "store_path": "/nix/store/5kbcby6d86srn4j7azzd4hydsr7vwpks-terser-5.19.3"
        },
        "aarch64-linux": {
          "store_path": "/nix/store/4i7pyr3mpnf04q87bg97r160cysr8sck-terser-5.19.3"
        },
        "x86_64-darwin": {
          "store_path": "/nix/store/kb485rnf8hgfcfjnxba37snsb2sy900m-terser-5.19.3"
        },
        "x86_64-linux": {
          "store_path": "/nix/store/x3wl7pgph4bkvmq2y2cqgr8li3qmyhg1-terser-5.19.3"
        }
      }
    },
    "xdg-utils@latest": {
      "last_modified": "2023-12-18T02:58:18Z",
      "resolved": "github:NixOS/nixpkgs/ca16221251951e9c6261a1a2bb4f9389038d3632#xdg-utils",
      "source": "devbox-search",
      "version": "2022-11-06",
      "systems": {
        "aarch64-darwin": {
          "store_path": "/nix/store/c1pwsy1yhj91k4kfhgfyvw73vi70gjc0-xdg-utils-unstable-2022-11-06"
        },
        "aarch64-linux": {
          "store_path": "/nix/store/szcy9c9kjpmxqh0cax11q8iq4zqyphp7-xdg-utils-unstable-2022-11-06"
        },
        "x86_64-darwin": {
          "store_path": "/nix/store/zlc3n3w0l2iahazaki2kw3f8pdkswcc5-xdg-utils-unstable-2022-11-06"
        },
        "x86_64-linux": {
          "store_path": "/nix/store/pag0sz7012misn9pckd6my9gvayl5q9h-xdg-utils-unstable-2022-11-06"
        }
      }
    }
  }
}
